
Microsoft Visual Studio Solution File, Format Version 12.00
# Visual Studio Version 16
VisualStudioVersion = 16.0.28922.388
MinimumVisualStudioVersion = 10.0.40219.1
Project("{FAE04EC0-301F-11D3-BF4B-00C04F79EFBC}") = "AspNetCoreIdentityLocalization", "AspNetCoreIdentityLocalization.csproj", "{C12A68BF-0ED1-42ED-A5DF-332DEFF46CFF}"
EndProject
Global
	GlobalSection(SolutionConfigurationPlatforms) = preSolution
		Debug|Any CPU = Debug|Any CPU
		Release|Any CPU = Release|Any CPU
	EndGlobalSection
	GlobalSection(ProjectConfigurationPlatforms) = postSolution
		{C12A68BF-0ED1-42ED-A5DF-332DEFF46CFF}.Debug|Any CPU.ActiveCfg = Debug|Any CPU
		{C12A68BF-0ED1-42ED-A5DF-332DEFF46CFF}.Debug|Any CPU.Build.0 = Debug|Any CPU
		{C12A68BF-0ED1-42ED-A5DF-332DEFF46CFF}.Release|Any CPU.ActiveCfg = Release|Any CPU
		{C12A68BF-0ED1-42ED-A5DF-332DEFF46CFF}.Release|Any CPU.Build.0 = Release|Any CPU
	EndGlobalSection
	GlobalSection(SolutionProperties) = preSolution
		HideSolutionNode = FALSE
	EndGlobalSection
	GlobalSection(ExtensibilityGlobals) = postSolution
		SolutionGuid = {E81CCA79-12BD-4D4C-A4FC-3DAEA13AA192}
	EndGlobalSection
EndGlobal
